
Microsoft Visual Studio Solution File, Format Version 12.00
# Visual Studio Version 16
VisualStudioVersion = 16.0.32106.194
MinimumVisualStudioVersion = 10.0.40219.1
Project("{FAE04EC0-301F-11D3-BF4B-00C04F79EFBC}") = "Oscilloscope", "Oscilloscope\Oscilloscope.csproj", "{309CD97E-6059-493B-A473-84BFBE2997E3}"
EndProject
Global
	GlobalSection(SolutionConfigurationPlatforms) = preSolution
		Debug|Any CPU = Debug|Any CPU
		Release|Any CPU = Release|Any CPU
	EndGlobalSection
	GlobalSection(ProjectConfigurationPlatforms) = postSolution
		{309CD97E-6059-493B-A473-84BFBE2997E3}.Debug|Any CPU.ActiveCfg = Debug|Any CPU
		{309CD97E-6059-493B-A473-84BFBE2997E3}.Debug|Any CPU.Build.0 = Debug|Any CPU
		{309CD97E-6059-493B-A473-84BFBE2997E3}.Release|Any CPU.ActiveCfg = Release|Any CPU
		{309CD97E-6059-493B-A473-84BFBE2997E3}.Release|Any CPU.Build.0 = Release|Any CPU
	EndGlobalSection
	GlobalSection(SolutionProperties) = preSolution
		HideSolutionNode = FALSE
	EndGlobalSection
	GlobalSection(ExtensibilityGlobals) = postSolution
		SolutionGuid = {A844DBA9-16C2-47EF-8923-B1F1DCA4365D}
	EndGlobalSection
EndGlobal
